// !$*UTF8*$!
{
	archiveVersion = 1;
	classes = {
	};
	objectVersion = 77;
	objects = {

/* Begin PBXContainerItemProxy section */
		D2712E2E2E4FB776004FCB7F /* PBXContainerItemProxy */ = {
			isa = PBXContainerItemProxy;
			containerPortal = D2712E152E4FB775004FCB7F /* Project object */;
			proxyType = 1;
			remoteGlobalIDString = D2712E1C2E4FB775004FCB7F;
			remoteInfo = TheSpaceNews;
		};
		D2712E382E4FB776004FCB7F /* PBXContainerItemProxy */ = {
			isa = PBXContainerItemProxy;
			containerPortal = D2712E152E4FB775004FCB7F /* Project object */;
			proxyType = 1;
			remoteGlobalIDString = D2712E1C2E4FB775004FCB7F;
			remoteInfo = TheSpaceNews;
		};
/* End PBXContainerItemProxy section */

/* Begin PBXFileReference section */
		D2712E1D2E4FB775004FCB7F /* TheSpaceNews.app */ = {isa = PBXFileReference; explicitFileType = wrapper.application; includeInIndex = 0; path = TheSpaceNews.app; sourceTree = BUILT_PRODUCTS_DIR; };
		D2712E2D2E4FB776004FCB7F /* TheSpaceNewsTests.xctest */ = {isa = PBXFileReference; explicitFileType = wrapper.cfbundle; includeInIndex = 0; path = TheSpaceNewsTests.xctest; sourceTree = BUILT_PRODUCTS_DIR; };
		D2712E372E4FB776004FCB7F /* TheSpaceNewsUITests.xctest */ = {isa = PBXFileReference; explicitFileType = wrapper.cfbundle; includeInIndex = 0; path = TheSpaceNewsUITests.xctest; sourceTree = BUILT_PRODUCTS_DIR; };
/* End PBXFileReference section */

/* Begin PBXFileSystemSynchronizedRootGroup section */
		D2712E1F2E4FB775004FCB7F /* TheSpaceNews */ = {
			isa = PBXFileSystemSynchronizedRootGroup;
			path = TheSpaceNews;
			sourceTree = "<group>";
		};
		D2712E302E4FB776004FCB7F /* TheSpaceNewsTests */ = {
			isa = PBXFileSystemSynchronizedRootGroup;
			path = TheSpaceNewsTests;
			sourceTree = "<group>";
		};
		D2712E3A2E4FB776004FCB7F /* TheSpaceNewsUITests */ = {
			isa = PBXFileSystemSynchronizedRootGroup;
			path = TheSpaceNewsUITests;
			sourceTree = "<group>";
		};
/* End PBXFileSystemSynchronizedRootGroup section */

/* Begin PBXFrameworksBuildPhase section */
		D2712E1A2E4FB775004FCB7F /* Frameworks */ = {
			isa = PBXFrameworksBuildPhase;
			buildActionMask = 2147483647;
			files = (
			);
			runOnlyForDeploymentPostprocessing = 0;
		};
		D2712E2A2E4FB776004FCB7F /* Frameworks */ = {
			isa = PBXFrameworksBuildPhase;
			buildActionMask = 2147483647;
			files = (
			);
			runOnlyForDeploymentPostprocessing = 0;
		};
		D2712E342E4FB776004FCB7F /* Frameworks */ = {
			isa = PBXFrameworksBuildPhase;
			buildActionMask = 2147483647;
			files = (
			);
			runOnlyForDeploymentPostprocessing = 0;
		};
/* End PBXFrameworksBuildPhase section */

/* Begin PBXGroup section */
		D2712E142E4FB775004FCB7F = {
			isa = PBXGroup;
			children = (
				D2712E1F2E4FB775004FCB7F /* TheSpaceNews */,
				D2712E302E4FB776004FCB7F /* TheSpaceNewsTests */,
				D2712E3A2E4FB776004FCB7F /* TheSpaceNewsUITests */,
				D2712E1E2E4FB775004FCB7F /* Products */,
			);
			sourceTree = "<group>";
		};
		D2712E1E2E4FB775004FCB7F /* Products */ = {
			isa = PBXGroup;
			children = (
				D2712E1D2E4FB775004FCB7F /* TheSpaceNews.app */,
				D2712E2D2E4FB776004FCB7F /* TheSpaceNewsTests.xctest */,
				D2712E372E4FB776004FCB7F /* TheSpaceNewsUITests.xctest */,
			);
			name = Products;
			sourceTree = "<group>";
		};
/* End PBXGroup section */

/* Begin PBXNativeTarget section */
		D2712E1C2E4FB775004FCB7F /* TheSpaceNews */ = {
			isa = PBXNativeTarget;
			buildConfigurationList = D2712E412E4FB776004FCB7F /* Build configuration list for PBXNativeTarget "TheSpaceNews" */;
			buildPhases = (
				D2712E192E4FB775004FCB7F /* Sources */,
				D2712E1A2E4FB775004FCB7F /* Frameworks */,
				D2712E1B2E4FB775004FCB7F /* Resources */,
			);
			buildRules = (
			);
			dependencies = (
			);
			fileSystemSynchronizedGroups = (
				D2712E1F2E4FB775004FCB7F /* TheSpaceNews */,
			);
			name = TheSpaceNews;
			packageProductDependencies = (
			);
			productName = TheSpaceNews;
			productReference = D2712E1D2E4FB775004FCB7F /* TheSpaceNews.app */;
			productType = "com.apple.product-type.application";
		};
		D2712E2C2E4FB776004FCB7F /* TheSpaceNewsTests */ = {
			isa = PBXNativeTarget;
			buildConfigurationList = D2712E442E4FB776004FCB7F /* Build configuration list for PBXNativeTarget "TheSpaceNewsTests" */;
			buildPhases = (
				D2712E292E4FB776004FCB7F /* Sources */,
				D2712E2A2E4FB776004FCB7F /* Frameworks */,
				D2712E2B2E4FB776004FCB7F /* Resources */,
			);
			buildRules = (
			);
			dependencies = (
				D2712E2F2E4FB776004FCB7F /* PBXTargetDependency */,
			);
			fileSystemSynchronizedGroups = (
				D2712E302E4FB776004FCB7F /* TheSpaceNewsTests */,
			);
			name = TheSpaceNewsTests;
			packageProductDependencies = (
			);
			productName = TheSpaceNewsTests;
			productReference = D2712E2D2E4FB776004FCB7F /* TheSpaceNewsTests.xctest */;
			productType = "com.apple.product-type.bundle.unit-test";
		};
		D2712E362E4FB776004FCB7F /* TheSpaceNewsUITests */ = {
			isa = PBXNativeTarget;
			buildConfigurationList = D2712E472E4FB776004FCB7F /* Build configuration list for PBXNativeTarget "TheSpaceNewsUITests" */;
			buildPhases = (
				D2712E332E4FB776004FCB7F /* Sources */,
				D2712E342E4FB776004FCB7F /* Frameworks */,
				D2712E352E4FB776004FCB7F /* Resources */,
			);
			buildRules = (
			);
			dependencies = (
				D2712E392E4FB776004FCB7F /* PBXTargetDependency */,
			);
			fileSystemSynchronizedGroups = (
				D2712E3A2E4FB776004FCB7F /* TheSpaceNewsUITests */,
			);
			name = TheSpaceNewsUITests;
			packageProductDependencies = (
			);
			productName = TheSpaceNewsUITests;
			productReference = D2712E372E4FB776004FCB7F /* TheSpaceNewsUITests.xctest */;
			productType = "com.apple.product-type.bundle.ui-testing";
		};
/* End PBXNativeTarget section */

/* Begin PBXProject section */
		D2712E152E4FB775004FCB7F /* Project object */ = {
			isa = PBXProject;
			attributes = {
				BuildIndependentTargetsInParallel = 1;
				LastSwiftUpdateCheck = 1620;
				LastUpgradeCheck = 1620;
				TargetAttributes = {
					D2712E1C2E4FB775004FCB7F = {
						CreatedOnToolsVersion = 16.2;
					};
					D2712E2C2E4FB776004FCB7F = {
						CreatedOnToolsVersion = 16.2;
						TestTargetID = D2712E1C2E4FB775004FCB7F;
					};
					D2712E362E4FB776004FCB7F = {
						CreatedOnToolsVersion = 16.2;
						TestTargetID = D2712E1C2E4FB775004FCB7F;
					};
				};
			};
			buildConfigurationList = D2712E182E4FB775004FCB7F /* Build configuration list for PBXProject "TheSpaceNews" */;
			developmentRegion = en;
			hasScannedForEncodings = 0;
			knownRegions = (
				en,
				Base,
			);
			mainGroup = D2712E142E4FB775004FCB7F;
			minimizedProjectReferenceProxies = 1;
			preferredProjectObjectVersion = 77;
			productRefGroup = D2712E1E2E4FB775004FCB7F /* Products */;
			projectDirPath = "";
			projectRoot = "";
			targets = (
				D2712E1C2E4FB775004FCB7F /* TheSpaceNews */,
				D2712E2C2E4FB776004FCB7F /* TheSpaceNewsTests */,
				D2712E362E4FB776004FCB7F /* TheSpaceNewsUITests */,
			);
		};
/* End PBXProject section */

/* Begin PBXResourcesBuildPhase section */
		D2712E1B2E4FB775004FCB7F /* Resources */ = {
			isa = PBXResourcesBuildPhase;
			buildActionMask = 2147483647;
			files = (
			);
			runOnlyForDeploymentPostprocessing = 0;
		};
		D2712E2B2E4FB776004FCB7F /* Resources */ = {
			isa = PBXResourcesBuildPhase;
			buildActionMask = 2147483647;
			files = (
			);
			runOnlyForDeploymentPostprocessing = 0;
		};
		D2712E352E4FB776004FCB7F /* Resources */ = {
			isa = PBXResourcesBuildPhase;
			buildActionMask = 2147483647;
			files = (
			);
			runOnlyForDeploymentPostprocessing = 0;
		};
/* End PBXResourcesBuildPhase section */

/* Begin PBXSourcesBuildPhase section */
		D2712E192E4FB775004FCB7F /* Sources */ = {
			isa = PBXSourcesBuildPhase;
			buildActionMask = 2147483647;
			files = (
			);
			runOnlyForDeploymentPostprocessing = 0;
		};
		D2712E292E4FB776004FCB7F /* Sources */ = {
			isa = PBXSourcesBuildPhase;
			buildActionMask = 2147483647;
			files = (
			);
			runOnlyForDeploymentPostprocessing = 0;
		};
		D2712E332E4FB776004FCB7F /* Sources */ = {
			isa = PBXSourcesBuildPhase;
			buildActionMask = 2147483647;
			files = (
			);
			runOnlyForDeploymentPostprocessing = 0;
		};
/* End PBXSourcesBuildPhase section */

/* Begin PBXTargetDependency section */
		D2712E2F2E4FB776004FCB7F /* PBXTargetDependency */ = {
			isa = PBXTargetDependency;
			target = D2712E1C2E4FB775004FCB7F /* TheSpaceNews */;
			targetProxy = D2712E2E2E4FB776004FCB7F /* PBXContainerItemProxy */;
		};
		D2712E392E4FB776004FCB7F /* PBXTargetDependency */ = {
			isa = PBXTargetDependency;
			target = D2712E1C2E4FB775004FCB7F /* TheSpaceNews */;
			targetProxy = D2712E382E4FB776004FCB7F /* PBXContainerItemProxy */;
		};
/* End PBXTargetDependency section */

/* Begin XCBuildConfiguration section */
		D2712E3F2E4FB776004FCB7F /* Debug */ = {
			isa = XCBuildConfiguration;
			buildSettings = {
				ALWAYS_SEARCH_USER_PATHS = NO;
				ASSETCATALOG_COMPILER_GENERATE_SWIFT_ASSET_SYMBOL_EXTENSIONS = YES;
				CLANG_ANALYZER_NONNULL = YES;
				CLANG_ANALYZER_NUMBER_OBJECT_CONVERSION = YES_AGGRESSIVE;
				CLANG_CXX_LANGUAGE_STANDARD = "gnu++20";
				CLANG_ENABLE_MODULES = YES;
				CLANG_ENABLE_OBJC_ARC = YES;
				CLANG_ENABLE_OBJC_WEAK = YES;
				CLANG_WARN_BLOCK_CAPTURE_AUTORELEASING = YES;
				CLANG_WARN_BOOL_CONVERSION = YES;
				CLANG_WARN_COMMA = YES;
				CLANG_WARN_CONSTANT_CONVERSION = YES;
				CLANG_WARN_DEPRECATED_OBJC_IMPLEMENTATIONS = YES;
				CLANG_WARN_DIRECT_OBJC_ISA_USAGE = YES_ERROR;
				CLANG_WARN_DOCUMENTATION_COMMENTS = YES;
				CLANG_WARN_EMPTY_BODY = YES;
				CLANG_WARN_ENUM_CONVERSION = YES;
				CLANG_WARN_INFINITE_RECURSION = YES;
				CLANG_WARN_INT_CONVERSION = YES;
				CLANG_WARN_NON_LITERAL_NULL_CONVERSION = YES;
				CLANG_WARN_OBJC_IMPLICIT_RETAIN_SELF = YES;
				CLANG_WARN_OBJC_LITERAL_CONVERSION = YES;
				CLANG_WARN_OBJC_ROOT_CLASS = YES_ERROR;
				CLANG_WARN_QUOTED_INCLUDE_IN_FRAMEWORK_HEADER = YES;
				CLANG_WARN_RANGE_LOOP_ANALYSIS = YES;
				CLANG_WARN_STRICT_PROTOTYPES = YES;
				CLANG_WARN_SUSPICIOUS_MOVE = YES;
				CLANG_WARN_UNGUARDED_AVAILABILITY = YES_AGGRESSIVE;
				CLANG_WARN_UNREACHABLE_CODE = YES;
				CLANG_WARN__DUPLICATE_METHOD_MATCH = YES;
				COPY_PHASE_STRIP = NO;
				DEBUG_INFORMATION_FORMAT = dwarf;
				ENABLE_STRICT_OBJC_MSGSEND = YES;
				ENABLE_TESTABILITY = YES;
				ENABLE_USER_SCRIPT_SANDBOXING = YES;
				GCC_C_LANGUAGE_STANDARD = gnu17;
				GCC_DYNAMIC_NO_PIC = NO;
				GCC_NO_COMMON_BLOCKS = YES;
				GCC_OPTIMIZATION_LEVEL = 0;
				GCC_PREPROCESSOR_DEFINITIONS = (
					"DEBUG=1",
					"$(inherited)",
				);
				GCC_WARN_64_TO_32_BIT_CONVERSION = YES;
				GCC_WARN_ABOUT_RETURN_TYPE = YES_ERROR;
				GCC_WARN_UNDECLARED_SELECTOR = YES;
				GCC_WARN_UNINITIALIZED_AUTOS = YES_AGGRESSIVE;
				GCC_WARN_UNUSED_FUNCTION = YES;
				GCC_WARN_UNUSED_VARIABLE = YES;
				IPHONEOS_DEPLOYMENT_TARGET = 18.2;
				LOCALIZATION_PREFERS_STRING_CATALOGS = YES;
				MTL_ENABLE_DEBUG_INFO = INCLUDE_SOURCE;
				MTL_FAST_MATH = YES;
				ONLY_ACTIVE_ARCH = YES;
				SDKROOT = iphoneos;
				SWIFT_ACTIVE_COMPILATION_CONDITIONS = "DEBUG $(inherited)";
				SWIFT_OPTIMIZATION_LEVEL = "-Onone";
			};
			name = Debug;
		};
		D2712E402E4FB776004FCB7F /* Release */ = {
			isa = XCBuildConfiguration;
			buildSettings = {
				ALWAYS_SEARCH_USER_PATHS = NO;
				ASSETCATALOG_COMPILER_GENERATE_SWIFT_ASSET_SYMBOL_EXTENSIONS = YES;
				CLANG_ANALYZER_NONNULL = YES;
				CLANG_ANALYZER_NUMBER_OBJECT_CONVERSION = YES_AGGRESSIVE;
				CLANG_CXX_LANGUAGE_STANDARD = "gnu++20";
				CLANG_ENABLE_MODULES = YES;
				CLANG_ENABLE_OBJC_ARC = YES;
				CLANG_ENABLE_OBJC_WEAK = YES;
				CLANG_WARN_BLOCK_CAPTURE_AUTORELEASING = YES;
				CLANG_WARN_BOOL_CONVERSION = YES;
				CLANG_WARN_COMMA = YES;
				CLANG_WARN_CONSTANT_CONVERSION = YES;
				CLANG_WARN_DEPRECATED_OBJC_IMPLEMENTATIONS = YES;
				CLANG_WARN_DIRECT_OBJC_ISA_USAGE = YES_ERROR;
				CLANG_WARN_DOCUMENTATION_COMMENTS = YES;
				CLANG_WARN_EMPTY_BODY = YES;
				CLANG_WARN_ENUM_CONVERSION = YES;
				CLANG_WARN_INFINITE_RECURSION = YES;
				CLANG_WARN_INT_CONVERSION = YES;
				CLANG_WARN_NON_LITERAL_NULL_CONVERSION = YES;
				CLANG_WARN_OBJC_IMPLICIT_RETAIN_SELF = YES;
				CLANG_WARN_OBJC_LITERAL_CONVERSION = YES;
				CLANG_WARN_OBJC_ROOT_CLASS = YES_ERROR;
				CLANG_WARN_QUOTED_INCLUDE_IN_FRAMEWORK_HEADER = YES;
				CLANG_WARN_RANGE_LOOP_ANALYSIS = YES;
				CLANG_WARN_STRICT_PROTOTYPES = YES;
				CLANG_WARN_SUSPICIOUS_MOVE = YES;
				CLANG_WARN_UNGUARDED_AVAILABILITY = YES_AGGRESSIVE;
				CLANG_WARN_UNREACHABLE_CODE = YES;
				CLANG_WARN__DUPLICATE_METHOD_MATCH = YES;
				COPY_PHASE_STRIP = NO;
				DEBUG_INFORMATION_FORMAT = "dwarf-with-dsym";
				ENABLE_NS_ASSERTIONS = NO;
				ENABLE_STRICT_OBJC_MSGSEND = YES;
				ENABLE_USER_SCRIPT_SANDBOXING = YES;
				GCC_C_LANGUAGE_STANDARD = gnu17;
				GCC_NO_COMMON_BLOCKS = YES;
				GCC_WARN_64_TO_32_BIT_CONVERSION = YES;
				GCC_WARN_ABOUT_RETURN_TYPE = YES_ERROR;
				GCC_WARN_UNDECLARED_SELECTOR = YES;
				GCC_WARN_UNINITIALIZED_AUTOS = YES_AGGRESSIVE;
				GCC_WARN_UNUSED_FUNCTION = YES;
				GCC_WARN_UNUSED_VARIABLE = YES;
				IPHONEOS_DEPLOYMENT_TARGET = 18.2;
				LOCALIZATION_PREFERS_STRING_CATALOGS = YES;
				MTL_ENABLE_DEBUG_INFO = NO;
				MTL_FAST_MATH = YES;
				SDKROOT = iphoneos;
				SWIFT_COMPILATION_MODE = wholemodule;
				VALIDATE_PRODUCT = YES;
			};
			name = Release;
		};
		D2712E422E4FB776004FCB7F /* Debug */ = {
			isa = XCBuildConfiguration;
			buildSettings = {
				ASSETCATALOG_COMPILER_APPICON_NAME = AppIcon;
				ASSETCATALOG_COMPILER_GLOBAL_ACCENT_COLOR_NAME = AccentColor;
				CODE_SIGN_STYLE = Automatic;
				CURRENT_PROJECT_VERSION = 1;
				DEVELOPMENT_ASSET_PATHS = "\"TheSpaceNews/Preview Content\"";
				ENABLE_PREVIEWS = YES;
				GENERATE_INFOPLIST_FILE = YES;
				INFOPLIST_KEY_UIApplicationSceneManifest_Generation = YES;
				INFOPLIST_KEY_UIApplicationSupportsIndirectInputEvents = YES;
				INFOPLIST_KEY_UILaunchScreen_Generation = YES;
				INFOPLIST_KEY_UISupportedInterfaceOrientations_iPad = "UIInterfaceOrientationPortrait UIInterfaceOrientationPortraitUpsideDown UIInterfaceOrientationLandscapeLeft UIInterfaceOrientationLandscapeRight";
				INFOPLIST_KEY_UISupportedInterfaceOrientations_iPhone = "UIInterfaceOrientationPortrait UIInterfaceOrientationLandscapeLeft UIInterfaceOrientationLandscapeRight";
				LD_RUNPATH_SEARCH_PATHS = (
					"$(inherited)",
					"@executable_path/Frameworks",
				);
				MARKETING_VERSION = 1.0;
				PRODUCT_BUNDLE_IDENTIFIER = com.pjbertola.TheSpaceNews;
				PRODUCT_NAME = "$(TARGET_NAME)";
				SWIFT_EMIT_LOC_STRINGS = YES;
				SWIFT_VERSION = 5.0;
				TARGETED_DEVICE_FAMILY = "1,2";
			};
			name = Debug;
		};
		D2712E432E4FB776004FCB7F /* Release */ = {
			isa = XCBuildConfiguration;
			buildSettings = {
				ASSETCATALOG_COMPILER_APPICON_NAME = AppIcon;
				ASSETCATALOG_COMPILER_GLOBAL_ACCENT_COLOR_NAME = AccentColor;
				CODE_SIGN_STYLE = Automatic;
				CURRENT_PROJECT_VERSION = 1;
				DEVELOPMENT_ASSET_PATHS = "\"TheSpaceNews/Preview Content\"";
				ENABLE_PREVIEWS = YES;
				GENERATE_INFOPLIST_FILE = YES;
				INFOPLIST_KEY_UIApplicationSceneManifest_Generation = YES;
				INFOPLIST_KEY_UIApplicationSupportsIndirectInputEvents = YES;
				INFOPLIST_KEY_UILaunchScreen_Generation = YES;
				INFOPLIST_KEY_UISupportedInterfaceOrientations_iPad = "UIInterfaceOrientationPortrait UIInterfaceOrientationPortraitUpsideDown UIInterfaceOrientationLandscapeLeft UIInterfaceOrientationLandscapeRight";
				INFOPLIST_KEY_UISupportedInterfaceOrientations_iPhone = "UIInterfaceOrientationPortrait UIInterfaceOrientationLandscapeLeft UIInterfaceOrientationLandscapeRight";
				LD_RUNPATH_SEARCH_PATHS = (
					"$(inherited)",
					"@executable_path/Frameworks",
				);
				MARKETING_VERSION = 1.0;
				PRODUCT_BUNDLE_IDENTIFIER = com.pjbertola.TheSpaceNews;
				PRODUCT_NAME = "$(TARGET_NAME)";
				SWIFT_EMIT_LOC_STRINGS = YES;
				SWIFT_VERSION = 5.0;
				TARGETED_DEVICE_FAMILY = "1,2";
			};
			name = Release;
		};
		D2712E452E4FB776004FCB7F /* Debug */ = {
			isa = XCBuildConfiguration;
			buildSettings = {
				BUNDLE_LOADER = "$(TEST_HOST)";
				CODE_SIGN_STYLE = Automatic;
				CURRENT_PROJECT_VERSION = 1;
				GENERATE_INFOPLIST_FILE = YES;
				IPHONEOS_DEPLOYMENT_TARGET = 18.2;
				MARKETING_VERSION = 1.0;
				PRODUCT_BUNDLE_IDENTIFIER = com.pjbertola.TheSpaceNewsTests;
				PRODUCT_NAME = "$(TARGET_NAME)";
				SWIFT_EMIT_LOC_STRINGS = NO;
				SWIFT_VERSION = 5.0;
				TARGETED_DEVICE_FAMILY = "1,2";
				TEST_HOST = "$(BUILT_PRODUCTS_DIR)/TheSpaceNews.app/$(BUNDLE_EXECUTABLE_FOLDER_PATH)/TheSpaceNews";
			};
			name = Debug;
		};
		D2712E462E4FB776004FCB7F /* Release */ = {
			isa = XCBuildConfiguration;
			buildSettings = {
				BUNDLE_LOADER = "$(TEST_HOST)";
				CODE_SIGN_STYLE = Automatic;
				CURRENT_PROJECT_VERSION = 1;
				GENERATE_INFOPLIST_FILE = YES;
				IPHONEOS_DEPLOYMENT_TARGET = 18.2;
				MARKETING_VERSION = 1.0;
				PRODUCT_BUNDLE_IDENTIFIER = com.pjbertola.TheSpaceNewsTests;
				PRODUCT_NAME = "$(TARGET_NAME)";
				SWIFT_EMIT_LOC_STRINGS = NO;
				SWIFT_VERSION = 5.0;
				TARGETED_DEVICE_FAMILY = "1,2";
				TEST_HOST = "$(BUILT_PRODUCTS_DIR)/TheSpaceNews.app/$(BUNDLE_EXECUTABLE_FOLDER_PATH)/TheSpaceNews";
			};
			name = Release;
		};
		D2712E482E4FB776004FCB7F /* Debug */ = {
			isa = XCBuildConfiguration;
			buildSettings = {
				CODE_SIGN_STYLE = Automatic;
				CURRENT_PROJECT_VERSION = 1;
				GENERATE_INFOPLIST_FILE = YES;
				MARKETING_VERSION = 1.0;
				PRODUCT_BUNDLE_IDENTIFIER = com.pjbertola.TheSpaceNewsUITests;
				PRODUCT_NAME = "$(TARGET_NAME)";
				SWIFT_EMIT_LOC_STRINGS = NO;
				SWIFT_VERSION = 5.0;
				TARGETED_DEVICE_FAMILY = "1,2";
				TEST_TARGET_NAME = TheSpaceNews;
			};
			name = Debug;
		};
		D2712E492E4FB776004FCB7F /* Release */ = {
			isa = XCBuildConfiguration;
			buildSettings = {
				CODE_SIGN_STYLE = Automatic;
				CURRENT_PROJECT_VERSION = 1;
				GENERATE_INFOPLIST_FILE = YES;
				MARKETING_VERSION = 1.0;
				PRODUCT_BUNDLE_IDENTIFIER = com.pjbertola.TheSpaceNewsUITests;
				PRODUCT_NAME = "$(TARGET_NAME)";
				SWIFT_EMIT_LOC_STRINGS = NO;
				SWIFT_VERSION = 5.0;
				TARGETED_DEVICE_FAMILY = "1,2";
				TEST_TARGET_NAME = TheSpaceNews;
			};
			name = Release;
		};
/* End XCBuildConfiguration section */

/* Begin XCConfigurationList section */
		D2712E182E4FB775004FCB7F /* Build configuration list for PBXProject "TheSpaceNews" */ = {
			isa = XCConfigurationList;
			buildConfigurations = (
				D2712E3F2E4FB776004FCB7F /* Debug */,
				D2712E402E4FB776004FCB7F /* Release */,
			);
			defaultConfigurationIsVisible = 0;
			defaultConfigurationName = Release;
		};
		D2712E412E4FB776004FCB7F /* Build configuration list for PBXNativeTarget "TheSpaceNews" */ = {
			isa = XCConfigurationList;
			buildConfigurations = (
				D2712E422E4FB776004FCB7F /* Debug */,
				D2712E432E4FB776004FCB7F /* Release */,
			);
			defaultConfigurationIsVisible = 0;
			defaultConfigurationName = Release;
		};
		D2712E442E4FB776004FCB7F /* Build configuration list for PBXNativeTarget "TheSpaceNewsTests" */ = {
			isa = XCConfigurationList;
			buildConfigurations = (
				D2712E452E4FB776004FCB7F /* Debug */,
				D2712E462E4FB776004FCB7F /* Release */,
			);
			defaultConfigurationIsVisible = 0;
			defaultConfigurationName = Release;
		};
		D2712E472E4FB776004FCB7F /* Build configuration list for PBXNativeTarget "TheSpaceNewsUITests" */ = {
			isa = XCConfigurationList;
			buildConfigurations = (
				D2712E482E4FB776004FCB7F /* Debug */,
				D2712E492E4FB776004FCB7F /* Release */,
			);
			defaultConfigurationIsVisible = 0;
			defaultConfigurationName = Release;
		};
/* End XCConfigurationList section */
	};
	rootObject = D2712E152E4FB775004FCB7F /* Project object */;
}
